
Microsoft Visual Studio Solution File, Format Version 12.00
# Visual Studio Version 16
VisualStudioVersion = 16.0.30320.27
MinimumVisualStudioVersion = 10.0.40219.1
Project("{9A19103F-16F7-4668-BE54-9A1E7A4F7556}") = "Chat.Abstractions", "Chat.Abstractions\Chat.Abstractions.csproj", "{D3CE7182-6704-4F80-A169-D16558F189AC}"
EndProject
Project("{FAE04EC0-301F-11D3-BF4B-00C04F79EFBC}") = "Chat.Server", "Chat.Server\Chat.Server.csproj", "{B4483136-F082-4907-AA20-97CAECECD1DD}"
EndProject
Project("{FAE04EC0-301F-11D3-BF4B-00C04F79EFBC}") = "Chat.Client", "Chat.Client\Chat.Client.csproj", "{A84443ED-0438-40EA-B621-720372DC8B9C}"
EndProject
Project("{FAE04EC0-301F-11D3-BF4B-00C04F79EFBC}") = "Chat.Api", "Chat.Api\Chat.Api.csproj", "{9FE5AE40-960C-4244-A6FB-56DF3A99E006}"
EndProject
Project("{FAE04EC0-301F-11D3-BF4B-00C04F79EFBC}") = "Chat.Window", "Chat.Window\Chat.Window.csproj", "{5D0F332E-9841-414A-A0F2-E7F8724BE4BD}"
EndProject
Global
	GlobalSection(SolutionConfigurationPlatforms) = preSolution
		Debug|Any CPU = Debug|Any CPU
		Release|Any CPU = Release|Any CPU
	EndGlobalSection
	GlobalSection(ProjectConfigurationPlatforms) = postSolution
		{D3CE7182-6704-4F80-A169-D16558F189AC}.Debug|Any CPU.ActiveCfg = Debug|Any CPU
		{D3CE7182-6704-4F80-A169-D16558F189AC}.Debug|Any CPU.Build.0 = Debug|Any CPU
		{D3CE7182-6704-4F80-A169-D16558F189AC}.Release|Any CPU.ActiveCfg = Release|Any CPU
		{D3CE7182-6704-4F80-A169-D16558F189AC}.Release|Any CPU.Build.0 = Release|Any CPU
		{B4483136-F082-4907-AA20-97CAECECD1DD}.Debug|Any CPU.ActiveCfg = Debug|Any CPU
		{B4483136-F082-4907-AA20-97CAECECD1DD}.Debug|Any CPU.Build.0 = Debug|Any CPU
		{B4483136-F082-4907-AA20-97CAECECD1DD}.Release|Any CPU.ActiveCfg = Release|Any CPU
		{B4483136-F082-4907-AA20-97CAECECD1DD}.Release|Any CPU.Build.0 = Release|Any CPU
		{A84443ED-0438-40EA-B621-720372DC8B9C}.Debug|Any CPU.ActiveCfg = Debug|Any CPU
		{A84443ED-0438-40EA-B621-720372DC8B9C}.Debug|Any CPU.Build.0 = Debug|Any CPU
		{A84443ED-0438-40EA-B621-720372DC8B9C}.Release|Any CPU.ActiveCfg = Release|Any CPU
		{A84443ED-0438-40EA-B621-720372DC8B9C}.Release|Any CPU.Build.0 = Release|Any CPU
		{9FE5AE40-960C-4244-A6FB-56DF3A99E006}.Debug|Any CPU.ActiveCfg = Debug|Any CPU
		{9FE5AE40-960C-4244-A6FB-56DF3A99E006}.Debug|Any CPU.Build.0 = Debug|Any CPU
		{9FE5AE40-960C-4244-A6FB-56DF3A99E006}.Release|Any CPU.ActiveCfg = Release|Any CPU
		{9FE5AE40-960C-4244-A6FB-56DF3A99E006}.Release|Any CPU.Build.0 = Release|Any CPU
		{5D0F332E-9841-414A-A0F2-E7F8724BE4BD}.Debug|Any CPU.ActiveCfg = Debug|Any CPU
		{5D0F332E-9841-414A-A0F2-E7F8724BE4BD}.Debug|Any CPU.Build.0 = Debug|Any CPU
		{5D0F332E-9841-414A-A0F2-E7F8724BE4BD}.Release|Any CPU.ActiveCfg = Release|Any CPU
		{5D0F332E-9841-414A-A0F2-E7F8724BE4BD}.Release|Any CPU.Build.0 = Release|Any CPU
	EndGlobalSection
	GlobalSection(SolutionProperties) = preSolution
		HideSolutionNode = FALSE
	EndGlobalSection
	GlobalSection(ExtensibilityGlobals) = postSolution
		SolutionGuid = {34AC3DDF-0F58-4791-B00B-199F652EA646}
	EndGlobalSection
EndGlobal
