
Microsoft Visual Studio Solution File, Format Version 12.00
# Visual Studio Version 16
VisualStudioVersion = 16.0.29102.190
MinimumVisualStudioVersion = 10.0.40219.1
Project("{FAE04EC0-301F-11D3-BF4B-00C04F79EFBC}") = "EchoServer", "EchoServer\EchoServer.csproj", "{3BFBB509-C9B6-4579-A5B4-85D77729A052}"
EndProject
Project("{FAE04EC0-301F-11D3-BF4B-00C04F79EFBC}") = "EchoClient", "EchoClient\EchoClient.csproj", "{DBC40480-C0C0-4948-9299-BE4DEAC8F740}"
EndProject
Global
	GlobalSection(SolutionConfigurationPlatforms) = preSolution
		Debug|Any CPU = Debug|Any CPU
		Release|Any CPU = Release|Any CPU
	EndGlobalSection
	GlobalSection(ProjectConfigurationPlatforms) = postSolution
		{3BFBB509-C9B6-4579-A5B4-85D77729A052}.Debug|Any CPU.ActiveCfg = Debug|Any CPU
		{3BFBB509-C9B6-4579-A5B4-85D77729A052}.Debug|Any CPU.Build.0 = Debug|Any CPU
		{3BFBB509-C9B6-4579-A5B4-85D77729A052}.Release|Any CPU.ActiveCfg = Release|Any CPU
		{3BFBB509-C9B6-4579-A5B4-85D77729A052}.Release|Any CPU.Build.0 = Release|Any CPU
		{DBC40480-C0C0-4948-9299-BE4DEAC8F740}.Debug|Any CPU.ActiveCfg = Debug|Any CPU
		{DBC40480-C0C0-4948-9299-BE4DEAC8F740}.Debug|Any CPU.Build.0 = Debug|Any CPU
		{DBC40480-C0C0-4948-9299-BE4DEAC8F740}.Release|Any CPU.ActiveCfg = Release|Any CPU
		{DBC40480-C0C0-4948-9299-BE4DEAC8F740}.Release|Any CPU.Build.0 = Release|Any CPU
	EndGlobalSection
	GlobalSection(SolutionProperties) = preSolution
		HideSolutionNode = FALSE
	EndGlobalSection
	GlobalSection(ExtensibilityGlobals) = postSolution
		SolutionGuid = {432FDD0A-F1DF-4ACE-BD01-C96BAE58D7D8}
	EndGlobalSection
EndGlobal
